{
  "name": "mountable",
  "version": "0.0.3",
  "lockfileVersion": 1,
  "requires": true,
  "dependencies": {
    "@mountable/ripples": {
      "version": "0.0.15",
      "resolved": "https://registry.npmjs.org/@mountable/ripples/-/ripples-0.0.15.tgz",
      "integrity": "sha512-5sQo76MISncsxHRknS/4hhTuk4Xbvabb2CuP5RxAbLWfP1pR5u38KCGtyM2xwjcwJ8Kqkdx/jGoGeRpx5s2qKg=="
    },
    "@mountable/spinners": {
      "version": "0.0.24",
      "resolved": "https://registry.npmjs.org/@mountable/spinners/-/spinners-0.0.24.tgz",
      "integrity": "sha512-ZK4Tj6bHVhsZulATl4QqnrstEnzqxBu9d+rRNzfZ8Ox5ypY2pnLq52RQPWmBXoPm4FliaOOS2O83e6IUJzdkww=="
    }
  }
}
