{
  "name": "mountable",
  "version": "0.0.1",
  "lockfileVersion": 1,
  "requires": true,
  "dependencies": {
    "@mountable/ripples": {
      "version": "0.0.12",
      "resolved": "https://registry.npmjs.org/@mountable/ripples/-/ripples-0.0.12.tgz",
      "integrity": "sha512-uH/BAIQuDJiCEV2HpiGHNHA8T0gPEsr3ko/0XgBy0Gz3v+ALcMHHkICKD3isjQMEPhe0Sz1RU9eAyRxNPE5QwQ=="
    },
    "@mountable/spinners": {
      "version": "0.0.24",
      "resolved": "https://registry.npmjs.org/@mountable/spinners/-/spinners-0.0.24.tgz",
      "integrity": "sha512-ZK4Tj6bHVhsZulATl4QqnrstEnzqxBu9d+rRNzfZ8Ox5ypY2pnLq52RQPWmBXoPm4FliaOOS2O83e6IUJzdkww=="
    }
  }
}
