{
  "name": "mountable",
  "version": "0.0.5",
  "lockfileVersion": 1,
  "requires": true,
  "dependencies": {
    "@mountable/ripples": {
      "version": "0.0.16",
      "resolved": "https://registry.npmjs.org/@mountable/ripples/-/ripples-0.0.16.tgz",
      "integrity": "sha512-6FoX2KccmDll7SyXdFgulfCPbUsyXl5vyFITeoQtHkiq/+zGM6JUuaRejMAL2fvK4vVJbfuzWfYGUWjuGXuI5g=="
    },
    "@mountable/spinners": {
      "version": "0.0.25",
      "resolved": "https://registry.npmjs.org/@mountable/spinners/-/spinners-0.0.25.tgz",
      "integrity": "sha512-1nLercMbOEDyeHZ1PuktXJT80jFl8YRWOb7dIARV6fNruZRTR5VXBfEq9UKZYUwcNxR5YnAfKOSSo2ZSf9/lMA=="
    }
  }
}
